
Microsoft Visual Studio Solution File, Format Version 12.00
# Visual Studio 15
VisualStudioVersion = 15.0.27428.2002
MinimumVisualStudioVersion = 10.0.40219.1
Project("{8BC9CEB8-8B4A-11D0-8D11-00A0C91BC942}") = "Integrator", "Integrator\Integrator.vcxproj", "{8A9B62B5-91D3-4449-9E2A-BA4C6B5EF53D}"
EndProject
Global
	GlobalSection(SolutionConfigurationPlatforms) = preSolution
		Debug|x64 = Debug|x64
		Debug|x86 = Debug|x86
		Release|x64 = Release|x64
		Release|x86 = Release|x86
	EndGlobalSection
	GlobalSection(ProjectConfigurationPlatforms) = postSolution
		{8A9B62B5-91D3-4449-9E2A-BA4C6B5EF53D}.Debug|x64.ActiveCfg = Debug|x64
		{8A9B62B5-91D3-4449-9E2A-BA4C6B5EF53D}.Debug|x64.Build.0 = Debug|x64
		{8A9B62B5-91D3-4449-9E2A-BA4C6B5EF53D}.Debug|x86.ActiveCfg = Debug|Win32
		{8A9B62B5-91D3-4449-9E2A-BA4C6B5EF53D}.Debug|x86.Build.0 = Debug|Win32
		{8A9B62B5-91D3-4449-9E2A-BA4C6B5EF53D}.Release|x64.ActiveCfg = Release|x64
		{8A9B62B5-91D3-4449-9E2A-BA4C6B5EF53D}.Release|x64.Build.0 = Release|x64
		{8A9B62B5-91D3-4449-9E2A-BA4C6B5EF53D}.Release|x86.ActiveCfg = Release|Win32
		{8A9B62B5-91D3-4449-9E2A-BA4C6B5EF53D}.Release|x86.Build.0 = Release|Win32
	EndGlobalSection
	GlobalSection(SolutionProperties) = preSolution
		HideSolutionNode = FALSE
	EndGlobalSection
	GlobalSection(ExtensibilityGlobals) = postSolution
		SolutionGuid = {E5B2221E-7D2E-4663-9EE3-CDAC5630FD9A}
	EndGlobalSection
EndGlobal
